
Microsoft Visual Studio Solution File, Format Version 12.00
# Visual Studio Version 17
VisualStudioVersion = 17.14.36915.13
MinimumVisualStudioVersion = 10.0.40219.1
Project("{FAE04EC0-301F-11D3-BF4B-00C04F79EFBC}") = "Practica1", "Practica1\Practica1.csproj", "{71B78A7E-0E06-4FC6-B457-A4474CC7A170}"
EndProject
Project("{2150E333-8FDC-42A3-9474-1A3956D46DE8}") = "Elementos de la solución", "Elementos de la solución", "{D107F4C8-89CC-BEA8-D3D7-CA6B7733353D}"
	ProjectSection(SolutionItems) = preProject
		..\..\Practica1\Practica1\TicTacToe.cs = ..\..\Practica1\Practica1\TicTacToe.cs
	EndProjectSection
EndProject
Global
	GlobalSection(SolutionConfigurationPlatforms) = preSolution
		Debug|Any CPU = Debug|Any CPU
		Release|Any CPU = Release|Any CPU
	EndGlobalSection
	GlobalSection(ProjectConfigurationPlatforms) = postSolution
		{71B78A7E-0E06-4FC6-B457-A4474CC7A170}.Debug|Any CPU.ActiveCfg = Debug|Any CPU
		{71B78A7E-0E06-4FC6-B457-A4474CC7A170}.Debug|Any CPU.Build.0 = Debug|Any CPU
		{71B78A7E-0E06-4FC6-B457-A4474CC7A170}.Debug|Any CPU.Deploy.0 = Debug|Any CPU
		{71B78A7E-0E06-4FC6-B457-A4474CC7A170}.Release|Any CPU.ActiveCfg = Release|Any CPU
		{71B78A7E-0E06-4FC6-B457-A4474CC7A170}.Release|Any CPU.Build.0 = Release|Any CPU
		{71B78A7E-0E06-4FC6-B457-A4474CC7A170}.Release|Any CPU.Deploy.0 = Release|Any CPU
	EndGlobalSection
	GlobalSection(SolutionProperties) = preSolution
		HideSolutionNode = FALSE
	EndGlobalSection
	GlobalSection(ExtensibilityGlobals) = postSolution
		SolutionGuid = {BCDB2AF3-84D9-4BE0-A7F1-B6AE9A4BC05C}
	EndGlobalSection
EndGlobal
